
Microsoft Visual Studio Solution File, Format Version 12.00
# Visual Studio Version 17
VisualStudioVersion = 17.7.34031.279
MinimumVisualStudioVersion = 10.0.40219.1
Project("{FAE04EC0-301F-11D3-BF4B-00C04F79EFBC}") = "HaloDBPopulator", "HaloDBPopulator\HaloDBPopulator.csproj", "{78CBA575-D3BD-44FA-B01D-6D53E9B1D4D2}"
EndProject
Global
	GlobalSection(SolutionConfigurationPlatforms) = preSolution
		Debug|Any CPU = Debug|Any CPU
		Release|Any CPU = Release|Any CPU
	EndGlobalSection
	GlobalSection(ProjectConfigurationPlatforms) = postSolution
		{78CBA575-D3BD-44FA-B01D-6D53E9B1D4D2}.Debug|Any CPU.ActiveCfg = Debug|Any CPU
		{78CBA575-D3BD-44FA-B01D-6D53E9B1D4D2}.Debug|Any CPU.Build.0 = Debug|Any CPU
		{78CBA575-D3BD-44FA-B01D-6D53E9B1D4D2}.Release|Any CPU.ActiveCfg = Release|Any CPU
		{78CBA575-D3BD-44FA-B01D-6D53E9B1D4D2}.Release|Any CPU.Build.0 = Release|Any CPU
	EndGlobalSection
	GlobalSection(SolutionProperties) = preSolution
		HideSolutionNode = FALSE
	EndGlobalSection
	GlobalSection(ExtensibilityGlobals) = postSolution
		SolutionGuid = {3DAD4496-EF47-4E09-957C-1FC555E80C0C}
	EndGlobalSection
EndGlobal
